{
  "name": "storybook-test",
  "version": "1.0.0",
  "lockfileVersion": 3,
  "requires": true,
  "packages": {
    "": {
      "name": "storybook-test",
      "version": "1.0.0",
      "license": "ISC",
      "devDependencies": {
        "chromatic": "^15.2.0"
      }
    },
    "node_modules/chromatic": {
      "version": "15.2.0",
      "resolved": "https://registry.npmjs.org/chromatic/-/chromatic-15.2.0.tgz",
      "integrity": "sha512-c9tDfE62aiPVPnVab8jQLz+9c9II/CUFZ6T2Kk3hi2hSL+HLkRwX3zjwRYW1z9Shn57R/ORBEpQ3ftufp8EgWA==",
      "dev": true,
      "license": "MIT",
      "bin": {
        "chroma": "dist/bin.js",
        "chromatic": "dist/bin.js",
        "chromatic-cli": "dist/bin.js"
      },
      "peerDependencies": {
        "@chromatic-com/cypress": "^0.*.* || ^1.0.0",
        "@chromatic-com/playwright": "^0.*.* || ^1.0.0"
      },
      "peerDependenciesMeta": {
        "@chromatic-com/cypress": {
          "optional": true
        },
        "@chromatic-com/playwright": {
          "optional": true
        }
      }
    }
  }
}
